
Microsoft Visual Studio Solution File, Format Version 12.00
# Visual Studio Version 17
VisualStudioVersion = 17.14.36518.9 d17.14
MinimumVisualStudioVersion = 10.0.40219.1
Project("{FAE04EC0-301F-11D3-BF4B-00C04F79EFBC}") = "GymApp.Web", "GymApp.Web\GymApp.Web.csproj", "{4AFA5030-AB26-4F83-9FE3-9436C6B37C83}"
EndProject
Global
	GlobalSection(SolutionConfigurationPlatforms) = preSolution
		Debug|Any CPU = Debug|Any CPU
		Release|Any CPU = Release|Any CPU
	EndGlobalSection
	GlobalSection(ProjectConfigurationPlatforms) = postSolution
		{4AFA5030-AB26-4F83-9FE3-9436C6B37C83}.Debug|Any CPU.ActiveCfg = Debug|Any CPU
		{4AFA5030-AB26-4F83-9FE3-9436C6B37C83}.Debug|Any CPU.Build.0 = Debug|Any CPU
		{4AFA5030-AB26-4F83-9FE3-9436C6B37C83}.Release|Any CPU.ActiveCfg = Release|Any CPU
		{4AFA5030-AB26-4F83-9FE3-9436C6B37C83}.Release|Any CPU.Build.0 = Release|Any CPU
	EndGlobalSection
	GlobalSection(SolutionProperties) = preSolution
		HideSolutionNode = FALSE
	EndGlobalSection
	GlobalSection(ExtensibilityGlobals) = postSolution
		SolutionGuid = {F5D10321-A1AA-41D7-92AD-5E1C49BECA4A}
	EndGlobalSection
EndGlobal
